{
  "nodes": {
    "c": {
      "flake": false,
      "locked": {
        "narHash": "sha256-Wl11amvrTxGqwuYH/uzgPXlPqlnoSRTh9oOeObZ1eUQ=",
        "type": "file",
        "url": "https://lficom.me/static/false/"
      },
      "original": {
        "type": "file",
        "url": "https://lficom.me/static/false/"
      }
    },
    "flake-utils": {
      "inputs": {
        "systems": "systems"
      },
      "locked": {
        "lastModified": 1731533236,
        "narHash": "sha256-l0KFg5HjrsfsO/JpG+r7fRrqm12kzFHyUHqHCVpMMbI=",
        "owner": "numtide",
        "repo": "flake-utils",
        "rev": "11707dc2f618dd54ca8739b309ec4fc024de578b",
        "type": "github"
      },
      "original": {
        "owner": "numtide",
        "repo": "flake-utils",
        "type": "github"
      }
    },
    "hnix": {
      "flake": false,
      "locked": {
        "lastModified": 1770928060,
        "narHash": "sha256-l7R0vddBDmnMg8RgakvcWCTMJQyZplSnYT8GpUn3ZOo=",
        "path": "/home/don/pro/haskell/hnix2/hnix",
        "type": "path"
      },
      "original": {
        "path": "/home/don/pro/haskell/hnix2/hnix",
        "type": "path"
      }
    },
    "hnix-store-core": {
      "flake": false,
      "locked": {
        "lastModified": 1770830768,
        "narHash": "sha256-zE1xbgKPM1tQQ3OXwSjZFAdEAaI0/eddffcCTcWmzuY=",
        "path": "/home/don/pro/haskell/hnix-store/hnix-store-core",
        "type": "path"
      },
      "original": {
        "path": "/home/don/pro/haskell/hnix-store/hnix-store-core",
        "type": "path"
      }
    },
    "hnix-store-json": {
      "flake": false,
      "locked": {
        "lastModified": 1770834876,
        "narHash": "sha256-P4HYFYwylJxoSiz9Qc15ZzKnx7c9Nfxa5eUFZ/5oc+g=",
        "path": "/home/don/pro/haskell/hnix-store/hnix-store-json",
        "type": "path"
      },
      "original": {
        "path": "/home/don/pro/haskell/hnix-store/hnix-store-json",
        "type": "path"
      }
    },
    "hnix-store-nar": {
      "flake": false,
      "locked": {
        "lastModified": 1770832217,
        "narHash": "sha256-d6/fzj7yav0RHpZVhgU5xxjKAKasr2KIKVIZkDXraUc=",
        "path": "/home/don/pro/haskell/hnix-store/hnix-store-nar",
        "type": "path"
      },
      "original": {
        "path": "/home/don/pro/haskell/hnix-store/hnix-store-nar",
        "type": "path"
      }
    },
    "hnix-store-remote": {
      "flake": false,
      "locked": {
        "lastModified": 1770830768,
        "narHash": "sha256-8Jl+2gQpH0AIYPriSfTF8m2rKRRYaQ69sVuKmuUULrw=",
        "path": "/home/don/pro/haskell/hnix-store/hnix-store-remote",
        "type": "path"
      },
      "original": {
        "path": "/home/don/pro/haskell/hnix-store/hnix-store-remote",
        "type": "path"
      }
    },
    "hnix-store-tests": {
      "flake": false,
      "locked": {
        "lastModified": 1770830768,
        "narHash": "sha256-f/Uj0+yVcjZGEOkzJ8ViQCmmEwISSFQkQAokDDHwgdY=",
        "path": "/home/don/pro/haskell/hnix-store/hnix-store-tests",
        "type": "path"
      },
      "original": {
        "path": "/home/don/pro/haskell/hnix-store/hnix-store-tests",
        "type": "path"
      }
    },
    "nixpkgs": {
      "locked": {
        "lastModified": 1770195405,
        "narHash": "sha256-FTUS9GSw4KiOjAOmsarvRhTGEECUVd3NhBfzUytCuhE=",
        "owner": "NixOS",
        "repo": "nixpkgs",
        "rev": "bc16855ba53f3cb6851903a393e7073d1b5911e7",
        "type": "github"
      },
      "original": {
        "owner": "NixOS",
        "repo": "nixpkgs",
        "rev": "bc16855ba53f3cb6851903a393e7073d1b5911e7",
        "type": "github"
      }
    },
    "root": {
      "inputs": {
        "c": "c",
        "flake-utils": "flake-utils",
        "hnix": "hnix",
        "hnix-store-core": "hnix-store-core",
        "hnix-store-json": "hnix-store-json",
        "hnix-store-nar": "hnix-store-nar",
        "hnix-store-remote": "hnix-store-remote",
        "hnix-store-tests": "hnix-store-tests",
        "nixpkgs": "nixpkgs",
        "uphack": "uphack"
      }
    },
    "systems": {
      "locked": {
        "lastModified": 1681028828,
        "narHash": "sha256-Vy1rq5AaRuLzOxct8nz4T6wlgyUR7zLU309k9mBC768=",
        "owner": "nix-systems",
        "repo": "default",
        "rev": "da67096a3b9bf56a91d16901293e51ba5b49a27e",
        "type": "github"
      },
      "original": {
        "owner": "nix-systems",
        "repo": "default",
        "type": "github"
      }
    },
    "uphack": {
      "flake": false,
      "locked": {
        "lastModified": 1757595711,
        "narHash": "sha256-9vOuWhJhPKnHBPZj/+6AJ7E0K2qezec7d8zW42n9j9o=",
        "owner": "yaitskov",
        "repo": "upload-doc-to-hackage",
        "rev": "29d4066f4f8a5a1a194d9b701f9b272dda85c3aa",
        "type": "github"
      },
      "original": {
        "owner": "yaitskov",
        "repo": "upload-doc-to-hackage",
        "type": "github"
      }
    }
  },
  "root": "root",
  "version": 7
}
